
Microsoft Visual Studio Solution File, Format Version 12.00
# Visual Studio Version 16
VisualStudioVersion = 16.0.30204.135
MinimumVisualStudioVersion = 10.0.40219.1
Project("{9A19103F-16F7-4668-BE54-9A1E7A4F7556}") = "JdUtils", "JdUtils\JdUtils.csproj", "{3D55B94F-9674-4C9C-8614-135795E39D38}"
EndProject
Project("{FAE04EC0-301F-11D3-BF4B-00C04F79EFBC}") = "JgsUtils.Demo", "JgsUtils.Demo\JgsUtils.Demo.csproj", "{270D980E-C3D6-4C4E-8A87-3705E50CE4F2}"
EndProject
Global
	GlobalSection(SolutionConfigurationPlatforms) = preSolution
		Debug|Any CPU = Debug|Any CPU
		Release|Any CPU = Release|Any CPU
	EndGlobalSection
	GlobalSection(ProjectConfigurationPlatforms) = postSolution
		{3D55B94F-9674-4C9C-8614-135795E39D38}.Debug|Any CPU.ActiveCfg = Debug|Any CPU
		{3D55B94F-9674-4C9C-8614-135795E39D38}.Debug|Any CPU.Build.0 = Debug|Any CPU
		{3D55B94F-9674-4C9C-8614-135795E39D38}.Release|Any CPU.ActiveCfg = Release|Any CPU
		{3D55B94F-9674-4C9C-8614-135795E39D38}.Release|Any CPU.Build.0 = Release|Any CPU
		{270D980E-C3D6-4C4E-8A87-3705E50CE4F2}.Debug|Any CPU.ActiveCfg = Debug|Any CPU
		{270D980E-C3D6-4C4E-8A87-3705E50CE4F2}.Debug|Any CPU.Build.0 = Debug|Any CPU
		{270D980E-C3D6-4C4E-8A87-3705E50CE4F2}.Release|Any CPU.ActiveCfg = Release|Any CPU
		{270D980E-C3D6-4C4E-8A87-3705E50CE4F2}.Release|Any CPU.Build.0 = Release|Any CPU
	EndGlobalSection
	GlobalSection(SolutionProperties) = preSolution
		HideSolutionNode = FALSE
	EndGlobalSection
	GlobalSection(ExtensibilityGlobals) = postSolution
		SolutionGuid = {D87EE702-8A83-4C44-AD56-9EAEBC0958F0}
	EndGlobalSection
EndGlobal
